// !$*UTF8*$!
{
	archiveVersion = 1;
	classes = {
	};
	objectVersion = 46;
	objects = {

/* Begin PBXBuildFile section */
		F333BEB81E1A23CE00F467F2 /* AppDelegate.swift in Sources */ = {isa = PBXBuildFile; fileRef = F333BEB71E1A23CE00F467F2 /* AppDelegate.swift */; };
		F333BEBA1E1A23CE00F467F2 /* ViewController.swift in Sources */ = {isa = PBXBuildFile; fileRef = F333BEB91E1A23CE00F467F2 /* ViewController.swift */; };
		F333BEBD1E1A23CE00F467F2 /* Main.storyboard in Resources */ = {isa = PBXBuildFile; fileRef = F333BEBB1E1A23CE00F467F2 /* Main.storyboard */; };
		F333BEBF1E1A23CE00F467F2 /* Assets.xcassets in Resources */ = {isa = PBXBuildFile; fileRef = F333BEBE1E1A23CE00F467F2 /* Assets.xcassets */; };
		F333BEC21E1A23CE00F467F2 /* LaunchScreen.storyboard in Resources */ = {isa = PBXBuildFile; fileRef = F333BEC01E1A23CE00F467F2 /* LaunchScreen.storyboard */; };
/* End PBXBuildFile section */

/* Begin PBXFileReference section */
		F333BEB41E1A23CE00F467F2 /* ChartsVisibleXRangeMax.app */ = {isa = PBXFileReference; explicitFileType = wrapper.application; includeInIndex = 0; path = ChartsVisibleXRangeMax.app; sourceTree = BUILT_PRODUCTS_DIR; };
		F333BEB71E1A23CE00F467F2 /* AppDelegate.swift */ = {isa = PBXFileReference; lastKnownFileType = sourcecode.swift; path = AppDelegate.swift; sourceTree = "<group>"; };
		F333BEB91E1A23CE00F467F2 /* ViewController.swift */ = {isa = PBXFileReference; lastKnownFileType = sourcecode.swift; path = ViewController.swift; sourceTree = "<group>"; };
		F333BEBC1E1A23CE00F467F2 /* Base */ = {isa = PBXFileReference; lastKnownFileType = file.storyboard; name = Base; path = Base.lproj/Main.storyboard; sourceTree = "<group>"; };
		F333BEBE1E1A23CE00F467F2 /* Assets.xcassets */ = {isa = PBXFileReference; lastKnownFileType = folder.assetcatalog; path = Assets.xcassets; sourceTree = "<group>"; };
		F333BEC11E1A23CE00F467F2 /* Base */ = {isa = PBXFileReference; lastKnownFileType = file.storyboard; name = Base; path = Base.lproj/LaunchScreen.storyboard; sourceTree = "<group>"; };
		F333BEC31E1A23CE00F467F2 /* Info.plist */ = {isa = PBXFileReference; lastKnownFileType = text.plist.xml; path = Info.plist; sourceTree = "<group>"; };
/* End PBXFileReference section */

/* Begin PBXFrameworksBuildPhase section */
		F333BEB11E1A23CE00F467F2 /* Frameworks */ = {
			isa = PBXFrameworksBuildPhase;
			buildActionMask = 2147483647;
			files = (
			);
			runOnlyForDeploymentPostprocessing = 0;
		};
/* End PBXFrameworksBuildPhase section */

/* Begin PBXGroup section */
		F333BEAB1E1A23CE00F467F2 = {
			isa = PBXGroup;
			children = (
				F333BEB61E1A23CE00F467F2 /* ChartsVisibleXRangeMax */,
				F333BEB51E1A23CE00F467F2 /* Products */,
			);
			sourceTree = "<group>";
		};
		F333BEB51E1A23CE00F467F2 /* Products */ = {
			isa = PBXGroup;
			children = (
				F333BEB41E1A23CE00F467F2 /* ChartsVisibleXRangeMax.app */,
			);
			name = Products;
			sourceTree = "<group>";
		};
		F333BEB61E1A23CE00F467F2 /* ChartsVisibleXRangeMax */ = {
			isa = PBXGroup;
			children = (
				F333BEB71E1A23CE00F467F2 /* AppDelegate.swift */,
				F333BEB91E1A23CE00F467F2 /* ViewController.swift */,
				F333BEBB1E1A23CE00F467F2 /* Main.storyboard */,
				F333BEBE1E1A23CE00F467F2 /* Assets.xcassets */,
				F333BEC01E1A23CE00F467F2 /* LaunchScreen.storyboard */,
				F333BEC31E1A23CE00F467F2 /* Info.plist */,
			);
			path = ChartsVisibleXRangeMax;
			sourceTree = "<group>";
		};
/* End PBXGroup section */

/* Begin PBXNativeTarget section */
		F333BEB31E1A23CE00F467F2 /* ChartsVisibleXRangeMax */ = {
			isa = PBXNativeTarget;
			buildConfigurationList = F333BEC61E1A23CE00F467F2 /* Build configuration list for PBXNativeTarget "ChartsVisibleXRangeMax" */;
			buildPhases = (
				F333BEB01E1A23CE00F467F2 /* Sources */,
				F333BEB11E1A23CE00F467F2 /* Frameworks */,
				F333BEB21E1A23CE00F467F2 /* Resources */,
			);
			buildRules = (
			);
			dependencies = (
			);
			name = ChartsVisibleXRangeMax;
			productName = ChartsVisibleXRangeMax;
			productReference = F333BEB41E1A23CE00F467F2 /* ChartsVisibleXRangeMax.app */;
			productType = "com.apple.product-type.application";
		};
/* End PBXNativeTarget section */

/* Begin PBXProject section */
		F333BEAC1E1A23CE00F467F2 /* Project object */ = {
			isa = PBXProject;
			attributes = {
				LastSwiftUpdateCheck = 0820;
				LastUpgradeCheck = 0820;
				ORGANIZATIONNAME = "Subtitle Designs Inc.";
				TargetAttributes = {
					F333BEB31E1A23CE00F467F2 = {
						CreatedOnToolsVersion = 8.2.1;
						ProvisioningStyle = Automatic;
					};
				};
			};
			buildConfigurationList = F333BEAF1E1A23CE00F467F2 /* Build configuration list for PBXProject "ChartsVisibleXRangeMax" */;
			compatibilityVersion = "Xcode 3.2";
			developmentRegion = English;
			hasScannedForEncodings = 0;
			knownRegions = (
				en,
				Base,
			);
			mainGroup = F333BEAB1E1A23CE00F467F2;
			productRefGroup = F333BEB51E1A23CE00F467F2 /* Products */;
			projectDirPath = "";
			projectRoot = "";
			targets = (
				F333BEB31E1A23CE00F467F2 /* ChartsVisibleXRangeMax */,
			);
		};
/* End PBXProject section */

/* Begin PBXResourcesBuildPhase section */
		F333BEB21E1A23CE00F467F2 /* Resources */ = {
			isa = PBXResourcesBuildPhase;
			buildActionMask = 2147483647;
			files = (
				F333BEC21E1A23CE00F467F2 /* LaunchScreen.storyboard in Resources */,
				F333BEBF1E1A23CE00F467F2 /* Assets.xcassets in Resources */,
				F333BEBD1E1A23CE00F467F2 /* Main.storyboard in Resources */,
			);
			runOnlyForDeploymentPostprocessing = 0;
		};
/* End PBXResourcesBuildPhase section */

/* Begin PBXSourcesBuildPhase section */
		F333BEB01E1A23CE00F467F2 /* Sources */ = {
			isa = PBXSourcesBuildPhase;
			buildActionMask = 2147483647;
			files = (
				F333BEBA1E1A23CE00F467F2 /* ViewController.swift in Sources */,
				F333BEB81E1A23CE00F467F2 /* AppDelegate.swift in Sources */,
			);
			runOnlyForDeploymentPostprocessing = 0;
		};
/* End PBXSourcesBuildPhase section */

/* Begin PBXVariantGroup section */
		F333BEBB1E1A23CE00F467F2 /* Main.storyboard */ = {
			isa = PBXVariantGroup;
			children = (
				F333BEBC1E1A23CE00F467F2 /* Base */,
			);
			name = Main.storyboard;
			sourceTree = "<group>";
		};
		F333BEC01E1A23CE00F467F2 /* LaunchScreen.storyboard */ = {
			isa = PBXVariantGroup;
			children = (
				F333BEC11E1A23CE00F467F2 /* Base */,
			);
			name = LaunchScreen.storyboard;
			sourceTree = "<group>";
		};
/* End PBXVariantGroup section */

/* Begin XCBuildConfiguration section */
		F333BEC41E1A23CE00F467F2 /* Debug */ = {
			isa = XCBuildConfiguration;
			buildSettings = {
				ALWAYS_SEARCH_USER_PATHS = NO;
				CLANG_ANALYZER_NONNULL = YES;
				CLANG_CXX_LANGUAGE_STANDARD = "gnu++0x";
				CLANG_CXX_LIBRARY = "libc++";
				CLANG_ENABLE_MODULES = YES;
				CLANG_ENABLE_OBJC_ARC = YES;
				CLANG_WARN_BOOL_CONVERSION = YES;
				CLANG_WARN_CONSTANT_CONVERSION = YES;
				CLANG_WARN_DIRECT_OBJC_ISA_USAGE = YES_ERROR;
				CLANG_WARN_DOCUMENTATION_COMMENTS = YES;
				CLANG_WARN_EMPTY_BODY = YES;
				CLANG_WARN_ENUM_CONVERSION = YES;
				CLANG_WARN_INFINITE_RECURSION = YES;
				CLANG_WARN_INT_CONVERSION = YES;
				CLANG_WARN_OBJC_ROOT_CLASS = YES_ERROR;
				CLANG_WARN_SUSPICIOUS_MOVE = YES;
				CLANG_WARN_UNREACHABLE_CODE = YES;
				CLANG_WARN__DUPLICATE_METHOD_MATCH = YES;
				"CODE_SIGN_IDENTITY[sdk=iphoneos*]" = "iPhone Developer";
				COPY_PHASE_STRIP = NO;
				DEBUG_INFORMATION_FORMAT = dwarf;
				ENABLE_STRICT_OBJC_MSGSEND = YES;
				ENABLE_TESTABILITY = YES;
				GCC_C_LANGUAGE_STANDARD = gnu99;
				GCC_DYNAMIC_NO_PIC = NO;
				GCC_NO_COMMON_BLOCKS = YES;
				GCC_OPTIMIZATION_LEVEL = 0;
				GCC_PREPROCESSOR_DEFINITIONS = (
					"DEBUG=1",
					"$(inherited)",
				);
				GCC_WARN_64_TO_32_BIT_CONVERSION = YES;
				GCC_WARN_ABOUT_RETURN_TYPE = YES_ERROR;
				GCC_WARN_UNDECLARED_SELECTOR = YES;
				GCC_WARN_UNINITIALIZED_AUTOS = YES_AGGRESSIVE;
				GCC_WARN_UNUSED_FUNCTION = YES;
				GCC_WARN_UNUSED_VARIABLE = YES;
				IPHONEOS_DEPLOYMENT_TARGET = 10.2;
				MTL_ENABLE_DEBUG_INFO = YES;
				ONLY_ACTIVE_ARCH = YES;
				SDKROOT = iphoneos;
				SWIFT_ACTIVE_COMPILATION_CONDITIONS = DEBUG;
				SWIFT_OPTIMIZATION_LEVEL = "-Onone";
				TARGETED_DEVICE_FAMILY = "1,2";
			};
			name = Debug;
		};
		F333BEC51E1A23CE00F467F2 /* Release */ = {
			isa = XCBuildConfiguration;
			buildSettings = {
				ALWAYS_SEARCH_USER_PATHS = NO;
				CLANG_ANALYZER_NONNULL = YES;
				CLANG_CXX_LANGUAGE_STANDARD = "gnu++0x";
				CLANG_CXX_LIBRARY = "libc++";
				CLANG_ENABLE_MODULES = YES;
				CLANG_ENABLE_OBJC_ARC = YES;
				CLANG_WARN_BOOL_CONVERSION = YES;
				CLANG_WARN_CONSTANT_CONVERSION = YES;
				CLANG_WARN_DIRECT_OBJC_ISA_USAGE = YES_ERROR;
				CLANG_WARN_DOCUMENTATION_COMMENTS = YES;
				CLANG_WARN_EMPTY_BODY = YES;
				CLANG_WARN_ENUM_CONVERSION = YES;
				CLANG_WARN_INFINITE_RECURSION = YES;
				CLANG_WARN_INT_CONVERSION = YES;
				CLANG_WARN_OBJC_ROOT_CLASS = YES_ERROR;
				CLANG_WARN_SUSPICIOUS_MOVE = YES;
				CLANG_WARN_UNREACHABLE_CODE = YES;
				CLANG_WARN__DUPLICATE_METHOD_MATCH = YES;
				"CODE_SIGN_IDENTITY[sdk=iphoneos*]" = "iPhone Developer";
				COPY_PHASE_STRIP = NO;
				DEBUG_INFORMATION_FORMAT = "dwarf-with-dsym";
				ENABLE_NS_ASSERTIONS = NO;
				ENABLE_STRICT_OBJC_MSGSEND = YES;
				GCC_C_LANGUAGE_STANDARD = gnu99;
				GCC_NO_COMMON_BLOCKS = YES;
				GCC_WARN_64_TO_32_BIT_CONVERSION = YES;
				GCC_WARN_ABOUT_RETURN_TYPE = YES_ERROR;
				GCC_WARN_UNDECLARED_SELECTOR = YES;
				GCC_WARN_UNINITIALIZED_AUTOS = YES_AGGRESSIVE;
				GCC_WARN_UNUSED_FUNCTION = YES;
				GCC_WARN_UNUSED_VARIABLE = YES;
				IPHONEOS_DEPLOYMENT_TARGET = 10.2;
				MTL_ENABLE_DEBUG_INFO = NO;
				SDKROOT = iphoneos;
				SWIFT_OPTIMIZATION_LEVEL = "-Owholemodule";
				TARGETED_DEVICE_FAMILY = "1,2";
				VALIDATE_PRODUCT = YES;
			};
			name = Release;
		};
		F333BEC71E1A23CE00F467F2 /* Debug */ = {
			isa = XCBuildConfiguration;
			buildSettings = {
				ASSETCATALOG_COMPILER_APPICON_NAME = AppIcon;
				INFOPLIST_FILE = ChartsVisibleXRangeMax/Info.plist;
				LD_RUNPATH_SEARCH_PATHS = "$(inherited) @executable_path/Frameworks";
				PRODUCT_BUNDLE_IDENTIFIER = com.subtitled.ChartsVisibleXRangeMax;
				PRODUCT_NAME = "$(TARGET_NAME)";
				SWIFT_VERSION = 3.0;
			};
			name = Debug;
		};
		F333BEC81E1A23CE00F467F2 /* Release */ = {
			isa = XCBuildConfiguration;
			buildSettings = {
				ASSETCATALOG_COMPILER_APPICON_NAME = AppIcon;
				INFOPLIST_FILE = ChartsVisibleXRangeMax/Info.plist;
				LD_RUNPATH_SEARCH_PATHS = "$(inherited) @executable_path/Frameworks";
				PRODUCT_BUNDLE_IDENTIFIER = com.subtitled.ChartsVisibleXRangeMax;
				PRODUCT_NAME = "$(TARGET_NAME)";
				SWIFT_VERSION = 3.0;
			};
			name = Release;
		};
/* End XCBuildConfiguration section */

/* Begin XCConfigurationList section */
		F333BEAF1E1A23CE00F467F2 /* Build configuration list for PBXProject "ChartsVisibleXRangeMax" */ = {
			isa = XCConfigurationList;
			buildConfigurations = (
				F333BEC41E1A23CE00F467F2 /* Debug */,
				F333BEC51E1A23CE00F467F2 /* Release */,
			);
			defaultConfigurationIsVisible = 0;
			defaultConfigurationName = Release;
		};
		F333BEC61E1A23CE00F467F2 /* Build configuration list for PBXNativeTarget "ChartsVisibleXRangeMax" */ = {
			isa = XCConfigurationList;
			buildConfigurations = (
				F333BEC71E1A23CE00F467F2 /* Debug */,
				F333BEC81E1A23CE00F467F2 /* Release */,
			);
			defaultConfigurationIsVisible = 0;
		};
/* End XCConfigurationList section */
	};
	rootObject = F333BEAC1E1A23CE00F467F2 /* Project object */;
}
